// !$*UTF8*$!
{
	archiveVersion = 1;
	classes = {
	};
	objectVersion = 50;
	objects = {

/* Begin PBXBuildFile section */
		23600794229612F700AE9235 /* DFSearchIndex.swift in Sources */ = {isa = PBXBuildFile; fileRef = 23600791229612F700AE9235 /* DFSearchIndex.swift */; };
		23600795229612F700AE9235 /* DFSearchIndex.Memory.swift in Sources */ = {isa = PBXBuildFile; fileRef = 23600792229612F700AE9235 /* DFSearchIndex.Memory.swift */; };
		23600796229612F700AE9235 /* DFSearchIndex.File.swift in Sources */ = {isa = PBXBuildFile; fileRef = 23600793229612F700AE9235 /* DFSearchIndex.File.swift */; };
		238430BF21E7F4F6003740F0 /* libicui18n.a in Frameworks */ = {isa = PBXBuildFile; fileRef = 238430BA21E7F4F6003740F0 /* libicui18n.a */; };
		238430C021E7F4F6003740F0 /* libicuio.a in Frameworks */ = {isa = PBXBuildFile; fileRef = 238430BB21E7F4F6003740F0 /* libicuio.a */; };
		238430C121E7F4F6003740F0 /* libicudata.a in Frameworks */ = {isa = PBXBuildFile; fileRef = 238430BC21E7F4F6003740F0 /* libicudata.a */; };
		238430C221E7F4F6003740F0 /* libicuuc.a in Frameworks */ = {isa = PBXBuildFile; fileRef = 238430BD21E7F4F6003740F0 /* libicuuc.a */; };
		238430C321E7F4F6003740F0 /* libicutu.a in Frameworks */ = {isa = PBXBuildFile; fileRef = 238430BE21E7F4F6003740F0 /* libicutu.a */; };
		23961D182294F6E9004CB7E1 /* main.cpp in Sources */ = {isa = PBXBuildFile; fileRef = 23961D172294F6E8004CB7E1 /* main.cpp */; };
		23961D232294F773004CB7E1 /* parser.cpp in Sources */ = {isa = PBXBuildFile; fileRef = 23FA816D2172A447006AC04E /* parser.cpp */; };
		23961D242294F773004CB7E1 /* DataSource.cpp in Sources */ = {isa = PBXBuildFile; fileRef = 23FA81752172A450006AC04E /* DataSource.cpp */; };
		23961D252294F773004CB7E1 /* DataSource.cpp in Sources */ = {isa = PBXBuildFile; fileRef = 23FA81702172A44F006AC04E /* DataSource.cpp */; };
		23961D282294F900004CB7E1 /* libicudata.a in Frameworks */ = {isa = PBXBuildFile; fileRef = 238430BC21E7F4F6003740F0 /* libicudata.a */; };
		23961D292294F900004CB7E1 /* libicui18n.a in Frameworks */ = {isa = PBXBuildFile; fileRef = 238430BA21E7F4F6003740F0 /* libicui18n.a */; };
		23961D2A2294F900004CB7E1 /* libicuio.a in Frameworks */ = {isa = PBXBuildFile; fileRef = 238430BB21E7F4F6003740F0 /* libicuio.a */; };
		23961D2B2294F900004CB7E1 /* libicutu.a in Frameworks */ = {isa = PBXBuildFile; fileRef = 238430BE21E7F4F6003740F0 /* libicutu.a */; };
		23961D2C2294F900004CB7E1 /* libicuuc.a in Frameworks */ = {isa = PBXBuildFile; fileRef = 238430BD21E7F4F6003740F0 /* libicuuc.a */; };
		23961D2D2294F910004CB7E1 /* liblibcsvicu.a in Frameworks */ = {isa = PBXBuildFile; fileRef = 23961D1F2294F74C004CB7E1 /* liblibcsvicu.a */; };
		23961D302294FC84004CB7E1 /* command_line.cpp in Sources */ = {isa = PBXBuildFile; fileRef = 23961D2E2294FC84004CB7E1 /* command_line.cpp */; };
		23BEF31F22C5A68B0089CFCA /* small_sample.tsv in Resources */ = {isa = PBXBuildFile; fileRef = 23BEF31E22C5A68B0089CFCA /* small_sample.tsv */; };
		23BEF32122C5AF010089CFCA /* small_sample_equal_not_equal_bom.tsv in Resources */ = {isa = PBXBuildFile; fileRef = 23BEF32022C5AF010089CFCA /* small_sample_equal_not_equal_bom.tsv */; };
		23FA818F2172A4E1006AC04E /* csv_tests.mm in Sources */ = {isa = PBXBuildFile; fileRef = 23FA818E2172A4E1006AC04E /* csv_tests.mm */; };
		23FA81942172A5B1006AC04E /* parser.cpp in Sources */ = {isa = PBXBuildFile; fileRef = 23FA816D2172A447006AC04E /* parser.cpp */; };
		23FA81952172A5B1006AC04E /* DSFCSVParser.mm in Sources */ = {isa = PBXBuildFile; fileRef = 23FA81712172A450006AC04E /* DSFCSVParser.mm */; };
		23FA81962172A5B1006AC04E /* DataSource.cpp in Sources */ = {isa = PBXBuildFile; fileRef = 23FA81702172A44F006AC04E /* DataSource.cpp */; };
		23FA81972172A5B1006AC04E /* DataSource.cpp in Sources */ = {isa = PBXBuildFile; fileRef = 23FA81752172A450006AC04E /* DataSource.cpp */; };
		23FA81A92172A656006AC04E /* ford_escort.csv in Resources */ = {isa = PBXBuildFile; fileRef = 23FA81A42172A655006AC04E /* ford_escort.csv */; };
		23FA81AA2172A656006AC04E /* korean.csv in Resources */ = {isa = PBXBuildFile; fileRef = 23FA81A52172A655006AC04E /* korean.csv */; };
		23FA81AB2172A656006AC04E /* classification.csv in Resources */ = {isa = PBXBuildFile; fileRef = 23FA81A62172A655006AC04E /* classification.csv */; };
		23FA81AC2172A656006AC04E /* simple_csv_utf8_bom.tsv in Resources */ = {isa = PBXBuildFile; fileRef = 23FA81A72172A655006AC04E /* simple_csv_utf8_bom.tsv */; };
		23FA81AD2172A656006AC04E /* orig.csv in Resources */ = {isa = PBXBuildFile; fileRef = 23FA81A82172A655006AC04E /* orig.csv */; };
		23FA81E32172A7D6006AC04E /* libicudata.a in Frameworks */ = {isa = PBXBuildFile; fileRef = 23FA819D2172A62B006AC04E /* libicudata.a */; };
		23FA81E42172A7D6006AC04E /* libicui18n.a in Frameworks */ = {isa = PBXBuildFile; fileRef = 23FA819B2172A62B006AC04E /* libicui18n.a */; };
		23FA81E52172A7D6006AC04E /* libicuio.a in Frameworks */ = {isa = PBXBuildFile; fileRef = 23FA81992172A62B006AC04E /* libicuio.a */; };
		23FA81E62172A7D6006AC04E /* libicutu.a in Frameworks */ = {isa = PBXBuildFile; fileRef = 23FA819A2172A62B006AC04E /* libicutu.a */; };
		23FA81E72172A7D6006AC04E /* libicuuc.a in Frameworks */ = {isa = PBXBuildFile; fileRef = 23FA819C2172A62B006AC04E /* libicuuc.a */; };
		23FA81E82172A7E8006AC04E /* parser.cpp in Sources */ = {isa = PBXBuildFile; fileRef = 23FA816D2172A447006AC04E /* parser.cpp */; };
		23FA81E92172A7ED006AC04E /* DSFCSVParser.mm in Sources */ = {isa = PBXBuildFile; fileRef = 23FA81712172A450006AC04E /* DSFCSVParser.mm */; };
		23FA81EA2172A7ED006AC04E /* DataSource.cpp in Sources */ = {isa = PBXBuildFile; fileRef = 23FA81702172A44F006AC04E /* DataSource.cpp */; };
		23FA81EB2172A7ED006AC04E /* DataSource.cpp in Sources */ = {isa = PBXBuildFile; fileRef = 23FA81752172A450006AC04E /* DataSource.cpp */; };
		23FA81EC2172A8CD006AC04E /* TabulaRasaData.swift in Sources */ = {isa = PBXBuildFile; fileRef = 23FA81832172A4A9006AC04E /* TabulaRasaData.swift */; };
		23FA81ED2172A8CD006AC04E /* AppDelegate.swift in Sources */ = {isa = PBXBuildFile; fileRef = 23FA81842172A4A9006AC04E /* AppDelegate.swift */; };
		23FA81EE2172A8CD006AC04E /* TabulaRasaTableViewController.swift in Sources */ = {isa = PBXBuildFile; fileRef = 23FA81852172A4A9006AC04E /* TabulaRasaTableViewController.swift */; };
		23FA81EF2172A8D0006AC04E /* Document.swift in Sources */ = {isa = PBXBuildFile; fileRef = 23FA81812172A4A9006AC04E /* Document.swift */; };
		23FA81F02172A8DA006AC04E /* Document.xib in Resources */ = {isa = PBXBuildFile; fileRef = 23FA817D2172A4A9006AC04E /* Document.xib */; };
		23FA81F12172A8DE006AC04E /* MainMenu.xib in Resources */ = {isa = PBXBuildFile; fileRef = 23FA817F2172A4A9006AC04E /* MainMenu.xib */; };
		23FA81F32172A91F006AC04E /* TabulaRasaTableViewController.xib in Resources */ = {isa = PBXBuildFile; fileRef = 23FA817B2172A4A9006AC04E /* TabulaRasaTableViewController.xib */; };
		23FA81F92172B125006AC04E /* korean-small.csv in Resources */ = {isa = PBXBuildFile; fileRef = 23FA81F82172B125006AC04E /* korean-small.csv */; };
/* End PBXBuildFile section */

/* Begin PBXContainerItemProxy section */
		23961D262294F7E1004CB7E1 /* PBXContainerItemProxy */ = {
			isa = PBXContainerItemProxy;
			containerPortal = 23FA81592172A3B9006AC04E /* Project object */;
			proxyType = 1;
			remoteGlobalIDString = 23961D1E2294F74C004CB7E1;
			remoteInfo = libcsvicu;
		};
/* End PBXContainerItemProxy section */

/* Begin PBXCopyFilesBuildPhase section */
		238430B921E7F436003740F0 /* CopyFiles */ = {
			isa = PBXCopyFilesBuildPhase;
			buildActionMask = 2147483647;
			dstPath = "";
			dstSubfolderSpec = 10;
			files = (
			);
			runOnlyForDeploymentPostprocessing = 0;
		};
		23961D0E2294F6A7004CB7E1 /* CopyFiles */ = {
			isa = PBXCopyFilesBuildPhase;
			buildActionMask = 2147483647;
			dstPath = /usr/share/man/man1/;
			dstSubfolderSpec = 0;
			files = (
			);
			runOnlyForDeploymentPostprocessing = 1;
		};
/* End PBXCopyFilesBuildPhase section */

/* Begin PBXFileReference section */
		23600791229612F700AE9235 /* DFSearchIndex.swift */ = {isa = PBXFileReference; fileEncoding = 4; lastKnownFileType = sourcecode.swift; path = DFSearchIndex.swift; sourceTree = "<group>"; };
		23600792229612F700AE9235 /* DFSearchIndex.Memory.swift */ = {isa = PBXFileReference; fileEncoding = 4; lastKnownFileType = sourcecode.swift; path = DFSearchIndex.Memory.swift; sourceTree = "<group>"; };
		23600793229612F700AE9235 /* DFSearchIndex.File.swift */ = {isa = PBXFileReference; fileEncoding = 4; lastKnownFileType = sourcecode.swift; path = DFSearchIndex.File.swift; sourceTree = "<group>"; };
		236F3B652173051A00A5BB57 /* IDataSource.hpp */ = {isa = PBXFileReference; lastKnownFileType = sourcecode.cpp.h; path = IDataSource.hpp; sourceTree = "<group>"; };
		23708B572183A88F00A6994F /* Encoding.hpp */ = {isa = PBXFileReference; lastKnownFileType = sourcecode.cpp.h; path = Encoding.hpp; sourceTree = "<group>"; };
		238430BA21E7F4F6003740F0 /* libicui18n.a */ = {isa = PBXFileReference; lastKnownFileType = archive.ar; name = libicui18n.a; path = ../../../../../usr/local/Cellar/icu4c/63.1/lib/libicui18n.a; sourceTree = "<group>"; };
		238430BB21E7F4F6003740F0 /* libicuio.a */ = {isa = PBXFileReference; lastKnownFileType = archive.ar; name = libicuio.a; path = ../../../../../usr/local/Cellar/icu4c/63.1/lib/libicuio.a; sourceTree = "<group>"; };
		238430BC21E7F4F6003740F0 /* libicudata.a */ = {isa = PBXFileReference; lastKnownFileType = archive.ar; name = libicudata.a; path = ../../../../../usr/local/Cellar/icu4c/63.1/lib/libicudata.a; sourceTree = "<group>"; };
		238430BD21E7F4F6003740F0 /* libicuuc.a */ = {isa = PBXFileReference; lastKnownFileType = archive.ar; name = libicuuc.a; path = ../../../../../usr/local/Cellar/icu4c/63.1/lib/libicuuc.a; sourceTree = "<group>"; };
		238430BE21E7F4F6003740F0 /* libicutu.a */ = {isa = PBXFileReference; lastKnownFileType = archive.ar; name = libicutu.a; path = ../../../../../usr/local/Cellar/icu4c/63.1/lib/libicutu.a; sourceTree = "<group>"; };
		23961D102294F6A7004CB7E1 /* csv_command_line */ = {isa = PBXFileReference; explicitFileType = "compiled.mach-o.executable"; includeInIndex = 0; path = csv_command_line; sourceTree = BUILT_PRODUCTS_DIR; };
		23961D172294F6E8004CB7E1 /* main.cpp */ = {isa = PBXFileReference; fileEncoding = 4; lastKnownFileType = sourcecode.cpp.cpp; path = main.cpp; sourceTree = "<group>"; };
		23961D192294F71A004CB7E1 /* libicucore.tbd */ = {isa = PBXFileReference; lastKnownFileType = "sourcecode.text-based-dylib-definition"; name = libicucore.tbd; path = usr/lib/libicucore.tbd; sourceTree = SDKROOT; };
		23961D1F2294F74C004CB7E1 /* liblibcsvicu.a */ = {isa = PBXFileReference; explicitFileType = archive.ar; includeInIndex = 0; path = liblibcsvicu.a; sourceTree = BUILT_PRODUCTS_DIR; };
		23961D2E2294FC84004CB7E1 /* command_line.cpp */ = {isa = PBXFileReference; lastKnownFileType = sourcecode.cpp.cpp; path = command_line.cpp; sourceTree = "<group>"; };
		23961D2F2294FC84004CB7E1 /* command_line.hpp */ = {isa = PBXFileReference; lastKnownFileType = sourcecode.cpp.h; path = command_line.hpp; sourceTree = "<group>"; };
		23B5BE0B2295317E00DACF8F /* CmdLineOutput.h */ = {isa = PBXFileReference; fileEncoding = 4; lastKnownFileType = sourcecode.c.h; path = CmdLineOutput.h; sourceTree = "<group>"; };
		23B5BE0C2295317E00DACF8F /* ZshCompletionOutput.h */ = {isa = PBXFileReference; fileEncoding = 4; lastKnownFileType = sourcecode.c.h; path = ZshCompletionOutput.h; sourceTree = "<group>"; };
		23B5BE0D2295317E00DACF8F /* UnlabeledMultiArg.h */ = {isa = PBXFileReference; fileEncoding = 4; lastKnownFileType = sourcecode.c.h; path = UnlabeledMultiArg.h; sourceTree = "<group>"; };
		23B5BE0E2295317E00DACF8F /* sstream.h */ = {isa = PBXFileReference; fileEncoding = 4; lastKnownFileType = sourcecode.c.h; path = sstream.h; sourceTree = "<group>"; };
		23B5BE0F2295317E00DACF8F /* MultiArg.h */ = {isa = PBXFileReference; fileEncoding = 4; lastKnownFileType = sourcecode.c.h; path = MultiArg.h; sourceTree = "<group>"; };
		23B5BE102295317E00DACF8F /* IgnoreRestVisitor.h */ = {isa = PBXFileReference; fileEncoding = 4; lastKnownFileType = sourcecode.c.h; path = IgnoreRestVisitor.h; sourceTree = "<group>"; };
		23B5BE112295317E00DACF8F /* XorHandler.h */ = {isa = PBXFileReference; fileEncoding = 4; lastKnownFileType = sourcecode.c.h; path = XorHandler.h; sourceTree = "<group>"; };
		23B5BE122295317E00DACF8F /* Arg.h */ = {isa = PBXFileReference; fileEncoding = 4; lastKnownFileType = sourcecode.c.h; path = Arg.h; sourceTree = "<group>"; };
		23B5BE132295317E00DACF8F /* HelpVisitor.h */ = {isa = PBXFileReference; fileEncoding = 4; lastKnownFileType = sourcecode.c.h; path = HelpVisitor.h; sourceTree = "<group>"; };
		23B5BE142295317E00DACF8F /* StdOutput.h */ = {isa = PBXFileReference; fileEncoding = 4; lastKnownFileType = sourcecode.c.h; path = StdOutput.h; sourceTree = "<group>"; };
		23B5BE152295317E00DACF8F /* ArgTraits.h */ = {isa = PBXFileReference; fileEncoding = 4; lastKnownFileType = sourcecode.c.h; path = ArgTraits.h; sourceTree = "<group>"; };
		23B5BE162295317E00DACF8F /* CmdLine.h */ = {isa = PBXFileReference; fileEncoding = 4; lastKnownFileType = sourcecode.c.h; path = CmdLine.h; sourceTree = "<group>"; };
		23B5BE172295317E00DACF8F /* DocBookOutput.h */ = {isa = PBXFileReference; fileEncoding = 4; lastKnownFileType = sourcecode.c.h; path = DocBookOutput.h; sourceTree = "<group>"; };
		23B5BE182295317E00DACF8F /* StandardTraits.h */ = {isa = PBXFileReference; fileEncoding = 4; lastKnownFileType = sourcecode.c.h; path = StandardTraits.h; sourceTree = "<group>"; };
		23B5BE192295317E00DACF8F /* Visitor.h */ = {isa = PBXFileReference; fileEncoding = 4; lastKnownFileType = sourcecode.c.h; path = Visitor.h; sourceTree = "<group>"; };
		23B5BE1A2295317E00DACF8F /* Makefile.am */ = {isa = PBXFileReference; fileEncoding = 4; lastKnownFileType = text; path = Makefile.am; sourceTree = "<group>"; };
		23B5BE1B2295317E00DACF8F /* VersionVisitor.h */ = {isa = PBXFileReference; fileEncoding = 4; lastKnownFileType = sourcecode.c.h; path = VersionVisitor.h; sourceTree = "<group>"; };
		23B5BE1C2295317E00DACF8F /* ValueArg.h */ = {isa = PBXFileReference; fileEncoding = 4; lastKnownFileType = sourcecode.c.h; path = ValueArg.h; sourceTree = "<group>"; };
		23B5BE1D2295317E00DACF8F /* ValuesConstraint.h */ = {isa = PBXFileReference; fileEncoding = 4; lastKnownFileType = sourcecode.c.h; path = ValuesConstraint.h; sourceTree = "<group>"; };
		23B5BE1E2295317E00DACF8F /* UnlabeledValueArg.h */ = {isa = PBXFileReference; fileEncoding = 4; lastKnownFileType = sourcecode.c.h; path = UnlabeledValueArg.h; sourceTree = "<group>"; };
		23B5BE1F2295317E00DACF8F /* Constraint.h */ = {isa = PBXFileReference; fileEncoding = 4; lastKnownFileType = sourcecode.c.h; path = Constraint.h; sourceTree = "<group>"; };
		23B5BE202295317E00DACF8F /* CmdLineInterface.h */ = {isa = PBXFileReference; fileEncoding = 4; lastKnownFileType = sourcecode.c.h; path = CmdLineInterface.h; sourceTree = "<group>"; };
		23B5BE212295317E00DACF8F /* SwitchArg.h */ = {isa = PBXFileReference; fileEncoding = 4; lastKnownFileType = sourcecode.c.h; path = SwitchArg.h; sourceTree = "<group>"; };
		23B5BE222295317E00DACF8F /* OptionalUnlabeledTracker.h */ = {isa = PBXFileReference; fileEncoding = 4; lastKnownFileType = sourcecode.c.h; path = OptionalUnlabeledTracker.h; sourceTree = "<group>"; };
		23B5BE232295317E00DACF8F /* MultiSwitchArg.h */ = {isa = PBXFileReference; fileEncoding = 4; lastKnownFileType = sourcecode.c.h; path = MultiSwitchArg.h; sourceTree = "<group>"; };
		23B5BE242295317E00DACF8F /* ArgException.h */ = {isa = PBXFileReference; fileEncoding = 4; lastKnownFileType = sourcecode.c.h; path = ArgException.h; sourceTree = "<group>"; };
		23B5BE252295317E00DACF8F /* Makefile.am */ = {isa = PBXFileReference; fileEncoding = 4; lastKnownFileType = text; path = Makefile.am; sourceTree = "<group>"; };
		23BEF31E22C5A68B0089CFCA /* small_sample.tsv */ = {isa = PBXFileReference; fileEncoding = 4; lastKnownFileType = text; path = small_sample.tsv; sourceTree = "<group>"; };
		23BEF32022C5AF010089CFCA /* small_sample_equal_not_equal_bom.tsv */ = {isa = PBXFileReference; fileEncoding = 4; lastKnownFileType = text; path = small_sample_equal_not_equal_bom.tsv; sourceTree = "<group>"; };
		23FA816D2172A447006AC04E /* parser.cpp */ = {isa = PBXFileReference; lastKnownFileType = sourcecode.cpp.cpp; name = parser.cpp; path = csvlib/csv/parser.cpp; sourceTree = SOURCE_ROOT; };
		23FA816F2172A447006AC04E /* parser.hpp */ = {isa = PBXFileReference; lastKnownFileType = sourcecode.cpp.h; name = parser.hpp; path = csvlib/csv/parser.hpp; sourceTree = SOURCE_ROOT; };
		23FA81702172A44F006AC04E /* DataSource.cpp */ = {isa = PBXFileReference; fileEncoding = 4; lastKnownFileType = sourcecode.cpp.cpp; name = DataSource.cpp; path = csvlib/csv/datasource/icu/DataSource.cpp; sourceTree = SOURCE_ROOT; };
		23FA81712172A450006AC04E /* DSFCSVParser.mm */ = {isa = PBXFileReference; fileEncoding = 4; lastKnownFileType = sourcecode.cpp.objcpp; name = DSFCSVParser.mm; path = csvlib/csv/objc/DSFCSVParser.mm; sourceTree = SOURCE_ROOT; };
		23FA81722172A450006AC04E /* DSFCSVParser.h */ = {isa = PBXFileReference; fileEncoding = 4; lastKnownFileType = sourcecode.c.h; name = DSFCSVParser.h; path = csvlib/csv/objc/DSFCSVParser.h; sourceTree = SOURCE_ROOT; };
		23FA81732172A450006AC04E /* DataSource.hpp */ = {isa = PBXFileReference; fileEncoding = 4; lastKnownFileType = sourcecode.cpp.h; name = DataSource.hpp; path = csvlib/csv/datasource/icu/DataSource.hpp; sourceTree = SOURCE_ROOT; };
		23FA81742172A450006AC04E /* DataSource.hpp */ = {isa = PBXFileReference; fileEncoding = 4; lastKnownFileType = sourcecode.cpp.h; name = DataSource.hpp; path = csvlib/csv/datasource/utf8/DataSource.hpp; sourceTree = SOURCE_ROOT; };
		23FA81752172A450006AC04E /* DataSource.cpp */ = {isa = PBXFileReference; fileEncoding = 4; lastKnownFileType = sourcecode.cpp.cpp; name = DataSource.cpp; path = csvlib/csv/datasource/utf8/DataSource.cpp; sourceTree = SOURCE_ROOT; };
		23FA817B2172A4A9006AC04E /* TabulaRasaTableViewController.xib */ = {isa = PBXFileReference; lastKnownFileType = file.xib; path = TabulaRasaTableViewController.xib; sourceTree = "<group>"; };
		23FA817C2172A4A9006AC04E /* Assets.xcassets */ = {isa = PBXFileReference; lastKnownFileType = folder.assetcatalog; path = Assets.xcassets; sourceTree = "<group>"; };
		23FA817E2172A4A9006AC04E /* Base */ = {isa = PBXFileReference; lastKnownFileType = file.xib; name = Base; path = Base.lproj/Document.xib; sourceTree = "<group>"; };
		23FA81802172A4A9006AC04E /* Base */ = {isa = PBXFileReference; lastKnownFileType = file.xib; name = Base; path = Base.lproj/MainMenu.xib; sourceTree = "<group>"; };
		23FA81812172A4A9006AC04E /* Document.swift */ = {isa = PBXFileReference; lastKnownFileType = sourcecode.swift; path = Document.swift; sourceTree = "<group>"; };
		23FA81822172A4A9006AC04E /* Tabula_Rasa.entitlements */ = {isa = PBXFileReference; lastKnownFileType = text.plist.entitlements; path = Tabula_Rasa.entitlements; sourceTree = "<group>"; };
		23FA81832172A4A9006AC04E /* TabulaRasaData.swift */ = {isa = PBXFileReference; lastKnownFileType = sourcecode.swift; path = TabulaRasaData.swift; sourceTree = "<group>"; };
		23FA81842172A4A9006AC04E /* AppDelegate.swift */ = {isa = PBXFileReference; lastKnownFileType = sourcecode.swift; path = AppDelegate.swift; sourceTree = "<group>"; };
		23FA81852172A4A9006AC04E /* TabulaRasaTableViewController.swift */ = {isa = PBXFileReference; lastKnownFileType = sourcecode.swift; path = TabulaRasaTableViewController.swift; sourceTree = "<group>"; };
		23FA81862172A4A9006AC04E /* Info.plist */ = {isa = PBXFileReference; lastKnownFileType = text.plist.xml; path = Info.plist; sourceTree = "<group>"; };
		23FA81872172A4A9006AC04E /* Tabula-Rasa-Bridging-Header.h */ = {isa = PBXFileReference; lastKnownFileType = sourcecode.c.h; path = "Tabula-Rasa-Bridging-Header.h"; sourceTree = "<group>"; };
		23FA818C2172A4E1006AC04E /* csv_tests.xctest */ = {isa = PBXFileReference; explicitFileType = wrapper.cfbundle; includeInIndex = 0; path = csv_tests.xctest; sourceTree = BUILT_PRODUCTS_DIR; };
		23FA818E2172A4E1006AC04E /* csv_tests.mm */ = {isa = PBXFileReference; lastKnownFileType = sourcecode.cpp.objcpp; path = csv_tests.mm; sourceTree = "<group>"; };
		23FA81902172A4E1006AC04E /* Info.plist */ = {isa = PBXFileReference; lastKnownFileType = text.plist.xml; path = Info.plist; sourceTree = "<group>"; };
		23FA81992172A62B006AC04E /* libicuio.a */ = {isa = PBXFileReference; lastKnownFileType = archive.ar; name = libicuio.a; path = ../../../../../usr/local/Cellar/icu4c/62.1/lib/libicuio.a; sourceTree = "<group>"; };
		23FA819A2172A62B006AC04E /* libicutu.a */ = {isa = PBXFileReference; lastKnownFileType = archive.ar; name = libicutu.a; path = ../../../../../usr/local/Cellar/icu4c/62.1/lib/libicutu.a; sourceTree = "<group>"; };
		23FA819B2172A62B006AC04E /* libicui18n.a */ = {isa = PBXFileReference; lastKnownFileType = archive.ar; name = libicui18n.a; path = ../../../../../usr/local/Cellar/icu4c/62.1/lib/libicui18n.a; sourceTree = "<group>"; };
		23FA819C2172A62B006AC04E /* libicuuc.a */ = {isa = PBXFileReference; lastKnownFileType = archive.ar; name = libicuuc.a; path = ../../../../../usr/local/Cellar/icu4c/62.1/lib/libicuuc.a; sourceTree = "<group>"; };
		23FA819D2172A62B006AC04E /* libicudata.a */ = {isa = PBXFileReference; lastKnownFileType = archive.ar; name = libicudata.a; path = ../../../../../usr/local/Cellar/icu4c/62.1/lib/libicudata.a; sourceTree = "<group>"; };
		23FA81A42172A655006AC04E /* ford_escort.csv */ = {isa = PBXFileReference; fileEncoding = 4; lastKnownFileType = text; path = ford_escort.csv; sourceTree = "<group>"; };
		23FA81A52172A655006AC04E /* korean.csv */ = {isa = PBXFileReference; fileEncoding = 4; lastKnownFileType = text; path = korean.csv; sourceTree = "<group>"; };
		23FA81A62172A655006AC04E /* classification.csv */ = {isa = PBXFileReference; fileEncoding = 4; lastKnownFileType = text; path = classification.csv; sourceTree = "<group>"; };
		23FA81A72172A655006AC04E /* simple_csv_utf8_bom.tsv */ = {isa = PBXFileReference; fileEncoding = 4; lastKnownFileType = text; path = simple_csv_utf8_bom.tsv; sourceTree = "<group>"; };
		23FA81A82172A655006AC04E /* orig.csv */ = {isa = PBXFileReference; fileEncoding = 4; lastKnownFileType = text; path = orig.csv; sourceTree = "<group>"; };
		23FA81C92172A70C006AC04E /* Tabula Rasa.app */ = {isa = PBXFileReference; explicitFileType = wrapper.application; includeInIndex = 0; path = "Tabula Rasa.app"; sourceTree = BUILT_PRODUCTS_DIR; };
		23FA81F42172AC3D006AC04E /* LICENSE */ = {isa = PBXFileReference; fileEncoding = 4; lastKnownFileType = text; path = LICENSE; sourceTree = "<group>"; };
		23FA81F52172AC3D006AC04E /* README.md */ = {isa = PBXFileReference; fileEncoding = 4; lastKnownFileType = net.daringfireball.markdown; path = README.md; sourceTree = "<group>"; };
		23FA81F82172B125006AC04E /* korean-small.csv */ = {isa = PBXFileReference; fileEncoding = 4; lastKnownFileType = text; path = "korean-small.csv"; sourceTree = "<group>"; };
/* End PBXFileReference section */

/* Begin PBXFrameworksBuildPhase section */
		23961D0D2294F6A7004CB7E1 /* Frameworks */ = {
			isa = PBXFrameworksBuildPhase;
			buildActionMask = 2147483647;
			files = (
				23961D2D2294F910004CB7E1 /* liblibcsvicu.a in Frameworks */,
				23961D282294F900004CB7E1 /* libicudata.a in Frameworks */,
				23961D292294F900004CB7E1 /* libicui18n.a in Frameworks */,
				23961D2A2294F900004CB7E1 /* libicuio.a in Frameworks */,
				23961D2B2294F900004CB7E1 /* libicutu.a in Frameworks */,
				23961D2C2294F900004CB7E1 /* libicuuc.a in Frameworks */,
			);
			runOnlyForDeploymentPostprocessing = 0;
		};
		23961D1D2294F74C004CB7E1 /* Frameworks */ = {
			isa = PBXFrameworksBuildPhase;
			buildActionMask = 2147483647;
			files = (
			);
			runOnlyForDeploymentPostprocessing = 0;
		};
		23FA81892172A4E1006AC04E /* Frameworks */ = {
			isa = PBXFrameworksBuildPhase;
			buildActionMask = 2147483647;
			files = (
				238430BF21E7F4F6003740F0 /* libicui18n.a in Frameworks */,
				238430C021E7F4F6003740F0 /* libicuio.a in Frameworks */,
				238430C121E7F4F6003740F0 /* libicudata.a in Frameworks */,
				238430C221E7F4F6003740F0 /* libicuuc.a in Frameworks */,
				238430C321E7F4F6003740F0 /* libicutu.a in Frameworks */,
			);
			runOnlyForDeploymentPostprocessing = 0;
		};
		23FA81C62172A70C006AC04E /* Frameworks */ = {
			isa = PBXFrameworksBuildPhase;
			buildActionMask = 2147483647;
			files = (
				23FA81E32172A7D6006AC04E /* libicudata.a in Frameworks */,
				23FA81E42172A7D6006AC04E /* libicui18n.a in Frameworks */,
				23FA81E52172A7D6006AC04E /* libicuio.a in Frameworks */,
				23FA81E62172A7D6006AC04E /* libicutu.a in Frameworks */,
				23FA81E72172A7D6006AC04E /* libicuuc.a in Frameworks */,
			);
			runOnlyForDeploymentPostprocessing = 0;
		};
/* End PBXFrameworksBuildPhase section */

/* Begin PBXGroup section */
		2360078A2295FCEB00AE9235 /* DFSearchKit */ = {
			isa = PBXGroup;
			children = (
				23600793229612F700AE9235 /* DFSearchIndex.File.swift */,
				23600792229612F700AE9235 /* DFSearchIndex.Memory.swift */,
				23600791229612F700AE9235 /* DFSearchIndex.swift */,
			);
			path = DFSearchKit;
			sourceTree = "<group>";
		};
		236F3B5F2172FBA200A5BB57 /* objc */ = {
			isa = PBXGroup;
			children = (
				23FA81712172A450006AC04E /* DSFCSVParser.mm */,
				23FA81722172A450006AC04E /* DSFCSVParser.h */,
			);
			path = objc;
			sourceTree = "<group>";
		};
		236F3B62217302AC00A5BB57 /* icu */ = {
			isa = PBXGroup;
			children = (
				23FA81702172A44F006AC04E /* DataSource.cpp */,
				23FA81732172A450006AC04E /* DataSource.hpp */,
				23708B572183A88F00A6994F /* Encoding.hpp */,
			);
			path = icu;
			sourceTree = "<group>";
		};
		236F3B63217302B200A5BB57 /* utf8 */ = {
			isa = PBXGroup;
			children = (
				23FA81752172A450006AC04E /* DataSource.cpp */,
				23FA81742172A450006AC04E /* DataSource.hpp */,
			);
			path = utf8;
			sourceTree = "<group>";
		};
		236F3B64217304CA00A5BB57 /* csv */ = {
			isa = PBXGroup;
			children = (
				23FA816D2172A447006AC04E /* parser.cpp */,
				23FA816F2172A447006AC04E /* parser.hpp */,
				23FA816C2172A438006AC04E /* datasource */,
				236F3B5F2172FBA200A5BB57 /* objc */,
			);
			path = csv;
			sourceTree = "<group>";
		};
		23961D112294F6A7004CB7E1 /* csv_command_line */ = {
			isa = PBXGroup;
			children = (
				23B5BE082295317E00DACF8F /* tclap */,
				23961D172294F6E8004CB7E1 /* main.cpp */,
				23961D2E2294FC84004CB7E1 /* command_line.cpp */,
				23961D2F2294FC84004CB7E1 /* command_line.hpp */,
			);
			path = csv_command_line;
			sourceTree = "<group>";
		};
		23B5BE082295317E00DACF8F /* tclap */ = {
			isa = PBXGroup;
			children = (
				23B5BE092295317E00DACF8F /* include */,
			);
			path = tclap;
			sourceTree = "<group>";
		};
		23B5BE092295317E00DACF8F /* include */ = {
			isa = PBXGroup;
			children = (
				23B5BE0A2295317E00DACF8F /* tclap */,
				23B5BE252295317E00DACF8F /* Makefile.am */,
			);
			path = include;
			sourceTree = "<group>";
		};
		23B5BE0A2295317E00DACF8F /* tclap */ = {
			isa = PBXGroup;
			children = (
				23B5BE0B2295317E00DACF8F /* CmdLineOutput.h */,
				23B5BE0C2295317E00DACF8F /* ZshCompletionOutput.h */,
				23B5BE0D2295317E00DACF8F /* UnlabeledMultiArg.h */,
				23B5BE0E2295317E00DACF8F /* sstream.h */,
				23B5BE0F2295317E00DACF8F /* MultiArg.h */,
				23B5BE102295317E00DACF8F /* IgnoreRestVisitor.h */,
				23B5BE112295317E00DACF8F /* XorHandler.h */,
				23B5BE122295317E00DACF8F /* Arg.h */,
				23B5BE132295317E00DACF8F /* HelpVisitor.h */,
				23B5BE142295317E00DACF8F /* StdOutput.h */,
				23B5BE152295317E00DACF8F /* ArgTraits.h */,
				23B5BE162295317E00DACF8F /* CmdLine.h */,
				23B5BE172295317E00DACF8F /* DocBookOutput.h */,
				23B5BE182295317E00DACF8F /* StandardTraits.h */,
				23B5BE192295317E00DACF8F /* Visitor.h */,
				23B5BE1A2295317E00DACF8F /* Makefile.am */,
				23B5BE1B2295317E00DACF8F /* VersionVisitor.h */,
				23B5BE1C2295317E00DACF8F /* ValueArg.h */,
				23B5BE1D2295317E00DACF8F /* ValuesConstraint.h */,
				23B5BE1E2295317E00DACF8F /* UnlabeledValueArg.h */,
				23B5BE1F2295317E00DACF8F /* Constraint.h */,
				23B5BE202295317E00DACF8F /* CmdLineInterface.h */,
				23B5BE212295317E00DACF8F /* SwitchArg.h */,
				23B5BE222295317E00DACF8F /* OptionalUnlabeledTracker.h */,
				23B5BE232295317E00DACF8F /* MultiSwitchArg.h */,
				23B5BE242295317E00DACF8F /* ArgException.h */,
			);
			path = tclap;
			sourceTree = "<group>";
		};
		23FA81582172A3B9006AC04E = {
			isa = PBXGroup;
			children = (
				23FA81F42172AC3D006AC04E /* LICENSE */,
				23FA81F52172AC3D006AC04E /* README.md */,
				23FA816B2172A421006AC04E /* csvlib */,
				23FA818D2172A4E1006AC04E /* csv_tests */,
				23FA81792172A49B006AC04E /* tools */,
				23FA81622172A3B9006AC04E /* Products */,
				23FA81982172A62B006AC04E /* Frameworks */,
			);
			sourceTree = "<group>";
		};
		23FA81622172A3B9006AC04E /* Products */ = {
			isa = PBXGroup;
			children = (
				23FA818C2172A4E1006AC04E /* csv_tests.xctest */,
				23FA81C92172A70C006AC04E /* Tabula Rasa.app */,
				23961D102294F6A7004CB7E1 /* csv_command_line */,
				23961D1F2294F74C004CB7E1 /* liblibcsvicu.a */,
			);
			name = Products;
			sourceTree = "<group>";
		};
		23FA816B2172A421006AC04E /* csvlib */ = {
			isa = PBXGroup;
			children = (
				236F3B64217304CA00A5BB57 /* csv */,
			);
			path = csvlib;
			sourceTree = "<group>";
		};
		23FA816C2172A438006AC04E /* datasource */ = {
			isa = PBXGroup;
			children = (
				236F3B652173051A00A5BB57 /* IDataSource.hpp */,
				236F3B63217302B200A5BB57 /* utf8 */,
				236F3B62217302AC00A5BB57 /* icu */,
			);
			path = datasource;
			sourceTree = "<group>";
		};
		23FA81792172A49B006AC04E /* tools */ = {
			isa = PBXGroup;
			children = (
				23FA817A2172A4A9006AC04E /* Tabula Rasa */,
				23961D112294F6A7004CB7E1 /* csv_command_line */,
			);
			path = tools;
			sourceTree = "<group>";
		};
		23FA817A2172A4A9006AC04E /* Tabula Rasa */ = {
			isa = PBXGroup;
			children = (
				2360078A2295FCEB00AE9235 /* DFSearchKit */,
				23FA817B2172A4A9006AC04E /* TabulaRasaTableViewController.xib */,
				23FA817C2172A4A9006AC04E /* Assets.xcassets */,
				23FA817D2172A4A9006AC04E /* Document.xib */,
				23FA817F2172A4A9006AC04E /* MainMenu.xib */,
				23FA81812172A4A9006AC04E /* Document.swift */,
				23FA81822172A4A9006AC04E /* Tabula_Rasa.entitlements */,
				23FA81832172A4A9006AC04E /* TabulaRasaData.swift */,
				23FA81842172A4A9006AC04E /* AppDelegate.swift */,
				23FA81852172A4A9006AC04E /* TabulaRasaTableViewController.swift */,
				23FA81862172A4A9006AC04E /* Info.plist */,
				23FA81872172A4A9006AC04E /* Tabula-Rasa-Bridging-Header.h */,
			);
			name = "Tabula Rasa";
			path = "tools/Tabula Rasa";
			sourceTree = SOURCE_ROOT;
		};
		23FA818D2172A4E1006AC04E /* csv_tests */ = {
			isa = PBXGroup;
			children = (
				23FA81A32172A655006AC04E /* resources */,
				23FA818E2172A4E1006AC04E /* csv_tests.mm */,
				23FA81902172A4E1006AC04E /* Info.plist */,
			);
			path = csv_tests;
			sourceTree = "<group>";
		};
		23FA81982172A62B006AC04E /* Frameworks */ = {
			isa = PBXGroup;
			children = (
				23961D192294F71A004CB7E1 /* libicucore.tbd */,
				238430BC21E7F4F6003740F0 /* libicudata.a */,
				238430BA21E7F4F6003740F0 /* libicui18n.a */,
				238430BB21E7F4F6003740F0 /* libicuio.a */,
				238430BE21E7F4F6003740F0 /* libicutu.a */,
				238430BD21E7F4F6003740F0 /* libicuuc.a */,
				23FA819D2172A62B006AC04E /* libicudata.a */,
				23FA819B2172A62B006AC04E /* libicui18n.a */,
				23FA81992172A62B006AC04E /* libicuio.a */,
				23FA819A2172A62B006AC04E /* libicutu.a */,
				23FA819C2172A62B006AC04E /* libicuuc.a */,
			);
			name = Frameworks;
			sourceTree = "<group>";
		};
		23FA81A32172A655006AC04E /* resources */ = {
			isa = PBXGroup;
			children = (
				23FA81A42172A655006AC04E /* ford_escort.csv */,
				23FA81A52172A655006AC04E /* korean.csv */,
				23FA81F82172B125006AC04E /* korean-small.csv */,
				23FA81A62172A655006AC04E /* classification.csv */,
				23FA81A72172A655006AC04E /* simple_csv_utf8_bom.tsv */,
				23FA81A82172A655006AC04E /* orig.csv */,
				23BEF31E22C5A68B0089CFCA /* small_sample.tsv */,
				23BEF32022C5AF010089CFCA /* small_sample_equal_not_equal_bom.tsv */,
			);
			path = resources;
			sourceTree = "<group>";
		};
/* End PBXGroup section */

/* Begin PBXHeadersBuildPhase section */
		23961D1B2294F74C004CB7E1 /* Headers */ = {
			isa = PBXHeadersBuildPhase;
			buildActionMask = 2147483647;
			files = (
			);
			runOnlyForDeploymentPostprocessing = 0;
		};
/* End PBXHeadersBuildPhase section */

/* Begin PBXNativeTarget section */
		23961D0F2294F6A7004CB7E1 /* csv_command_line */ = {
			isa = PBXNativeTarget;
			buildConfigurationList = 23961D162294F6A7004CB7E1 /* Build configuration list for PBXNativeTarget "csv_command_line" */;
			buildPhases = (
				23961D0C2294F6A7004CB7E1 /* Sources */,
				23961D0D2294F6A7004CB7E1 /* Frameworks */,
				23961D0E2294F6A7004CB7E1 /* CopyFiles */,
			);
			buildRules = (
			);
			dependencies = (
				23961D272294F7E1004CB7E1 /* PBXTargetDependency */,
			);
			name = csv_command_line;
			productName = csv_command_line;
			productReference = 23961D102294F6A7004CB7E1 /* csv_command_line */;
			productType = "com.apple.product-type.tool";
		};
		23961D1E2294F74C004CB7E1 /* libcsvicu */ = {
			isa = PBXNativeTarget;
			buildConfigurationList = 23961D202294F74C004CB7E1 /* Build configuration list for PBXNativeTarget "libcsvicu" */;
			buildPhases = (
				23961D1B2294F74C004CB7E1 /* Headers */,
				23961D1C2294F74C004CB7E1 /* Sources */,
				23961D1D2294F74C004CB7E1 /* Frameworks */,
			);
			buildRules = (
			);
			dependencies = (
			);
			name = libcsvicu;
			productName = libcsvicu;
			productReference = 23961D1F2294F74C004CB7E1 /* liblibcsvicu.a */;
			productType = "com.apple.product-type.library.static";
		};
		23FA818B2172A4E1006AC04E /* csv_tests */ = {
			isa = PBXNativeTarget;
			buildConfigurationList = 23FA81912172A4E1006AC04E /* Build configuration list for PBXNativeTarget "csv_tests" */;
			buildPhases = (
				23FA81882172A4E1006AC04E /* Sources */,
				23FA81892172A4E1006AC04E /* Frameworks */,
				23FA818A2172A4E1006AC04E /* Resources */,
			);
			buildRules = (
			);
			dependencies = (
			);
			name = csv_tests;
			productName = csv_tests;
			productReference = 23FA818C2172A4E1006AC04E /* csv_tests.xctest */;
			productType = "com.apple.product-type.bundle.unit-test";
		};
		23FA81C82172A70C006AC04E /* Tabula Rasa */ = {
			isa = PBXNativeTarget;
			buildConfigurationList = 23FA81D92172A70C006AC04E /* Build configuration list for PBXNativeTarget "Tabula Rasa" */;
			buildPhases = (
				23FA81C52172A70C006AC04E /* Sources */,
				23FA81C62172A70C006AC04E /* Frameworks */,
				23FA81C72172A70C006AC04E /* Resources */,
				238430B921E7F436003740F0 /* CopyFiles */,
			);
			buildRules = (
			);
			dependencies = (
			);
			name = "Tabula Rasa";
			productName = "Tabula Rasa";
			productReference = 23FA81C92172A70C006AC04E /* Tabula Rasa.app */;
			productType = "com.apple.product-type.application";
		};
/* End PBXNativeTarget section */

/* Begin PBXProject section */
		23FA81592172A3B9006AC04E /* Project object */ = {
			isa = PBXProject;
			attributes = {
				LastSwiftUpdateCheck = 1000;
				LastUpgradeCheck = 1000;
				ORGANIZATIONNAME = "Darren Ford";
				TargetAttributes = {
					23961D0F2294F6A7004CB7E1 = {
						CreatedOnToolsVersion = 10.2.1;
					};
					23961D1E2294F74C004CB7E1 = {
						CreatedOnToolsVersion = 10.2.1;
					};
					23FA818B2172A4E1006AC04E = {
						CreatedOnToolsVersion = 10.0;
					};
					23FA81C82172A70C006AC04E = {
						CreatedOnToolsVersion = 10.0;
					};
				};
			};
			buildConfigurationList = 23FA815C2172A3B9006AC04E /* Build configuration list for PBXProject "csvlib" */;
			compatibilityVersion = "Xcode 9.3";
			developmentRegion = en;
			hasScannedForEncodings = 0;
			knownRegions = (
				en,
				Base,
			);
			mainGroup = 23FA81582172A3B9006AC04E;
			productRefGroup = 23FA81622172A3B9006AC04E /* Products */;
			projectDirPath = "";
			projectRoot = "";
			targets = (
				23FA818B2172A4E1006AC04E /* csv_tests */,
				23FA81C82172A70C006AC04E /* Tabula Rasa */,
				23961D1E2294F74C004CB7E1 /* libcsvicu */,
				23961D0F2294F6A7004CB7E1 /* csv_command_line */,
			);
		};
/* End PBXProject section */

/* Begin PBXResourcesBuildPhase section */
		23FA818A2172A4E1006AC04E /* Resources */ = {
			isa = PBXResourcesBuildPhase;
			buildActionMask = 2147483647;
			files = (
				23FA81AB2172A656006AC04E /* classification.csv in Resources */,
				23FA81AA2172A656006AC04E /* korean.csv in Resources */,
				23BEF31F22C5A68B0089CFCA /* small_sample.tsv in Resources */,
				23FA81F92172B125006AC04E /* korean-small.csv in Resources */,
				23BEF32122C5AF010089CFCA /* small_sample_equal_not_equal_bom.tsv in Resources */,
				23FA81AD2172A656006AC04E /* orig.csv in Resources */,
				23FA81AC2172A656006AC04E /* simple_csv_utf8_bom.tsv in Resources */,
				23FA81A92172A656006AC04E /* ford_escort.csv in Resources */,
			);
			runOnlyForDeploymentPostprocessing = 0;
		};
		23FA81C72172A70C006AC04E /* Resources */ = {
			isa = PBXResourcesBuildPhase;
			buildActionMask = 2147483647;
			files = (
				23FA81F02172A8DA006AC04E /* Document.xib in Resources */,
				23FA81F12172A8DE006AC04E /* MainMenu.xib in Resources */,
				23FA81F32172A91F006AC04E /* TabulaRasaTableViewController.xib in Resources */,
			);
			runOnlyForDeploymentPostprocessing = 0;
		};
/* End PBXResourcesBuildPhase section */

/* Begin PBXSourcesBuildPhase section */
		23961D0C2294F6A7004CB7E1 /* Sources */ = {
			isa = PBXSourcesBuildPhase;
			buildActionMask = 2147483647;
			files = (
				23961D182294F6E9004CB7E1 /* main.cpp in Sources */,
				23961D302294FC84004CB7E1 /* command_line.cpp in Sources */,
			);
			runOnlyForDeploymentPostprocessing = 0;
		};
		23961D1C2294F74C004CB7E1 /* Sources */ = {
			isa = PBXSourcesBuildPhase;
			buildActionMask = 2147483647;
			files = (
				23961D232294F773004CB7E1 /* parser.cpp in Sources */,
				23961D242294F773004CB7E1 /* DataSource.cpp in Sources */,
				23961D252294F773004CB7E1 /* DataSource.cpp in Sources */,
			);
			runOnlyForDeploymentPostprocessing = 0;
		};
		23FA81882172A4E1006AC04E /* Sources */ = {
			isa = PBXSourcesBuildPhase;
			buildActionMask = 2147483647;
			files = (
				23FA818F2172A4E1006AC04E /* csv_tests.mm in Sources */,
				23FA81942172A5B1006AC04E /* parser.cpp in Sources */,
				23FA81952172A5B1006AC04E /* DSFCSVParser.mm in Sources */,
				23FA81972172A5B1006AC04E /* DataSource.cpp in Sources */,
				23FA81962172A5B1006AC04E /* DataSource.cpp in Sources */,
			);
			runOnlyForDeploymentPostprocessing = 0;
		};
		23FA81C52172A70C006AC04E /* Sources */ = {
			isa = PBXSourcesBuildPhase;
			buildActionMask = 2147483647;
			files = (
				23600795229612F700AE9235 /* DFSearchIndex.Memory.swift in Sources */,
				23FA81EF2172A8D0006AC04E /* Document.swift in Sources */,
				23FA81ED2172A8CD006AC04E /* AppDelegate.swift in Sources */,
				23FA81EE2172A8CD006AC04E /* TabulaRasaTableViewController.swift in Sources */,
				23FA81EC2172A8CD006AC04E /* TabulaRasaData.swift in Sources */,
				23FA81E82172A7E8006AC04E /* parser.cpp in Sources */,
				23FA81EB2172A7ED006AC04E /* DataSource.cpp in Sources */,
				23600796229612F700AE9235 /* DFSearchIndex.File.swift in Sources */,
				23FA81EA2172A7ED006AC04E /* DataSource.cpp in Sources */,
				23600794229612F700AE9235 /* DFSearchIndex.swift in Sources */,
				23FA81E92172A7ED006AC04E /* DSFCSVParser.mm in Sources */,
			);
			runOnlyForDeploymentPostprocessing = 0;
		};
/* End PBXSourcesBuildPhase section */

/* Begin PBXTargetDependency section */
		23961D272294F7E1004CB7E1 /* PBXTargetDependency */ = {
			isa = PBXTargetDependency;
			target = 23961D1E2294F74C004CB7E1 /* libcsvicu */;
			targetProxy = 23961D262294F7E1004CB7E1 /* PBXContainerItemProxy */;
		};
/* End PBXTargetDependency section */

/* Begin PBXVariantGroup section */
		23FA817D2172A4A9006AC04E /* Document.xib */ = {
			isa = PBXVariantGroup;
			children = (
				23FA817E2172A4A9006AC04E /* Base */,
			);
			name = Document.xib;
			sourceTree = "<group>";
		};
		23FA817F2172A4A9006AC04E /* MainMenu.xib */ = {
			isa = PBXVariantGroup;
			children = (
				23FA81802172A4A9006AC04E /* Base */,
			);
			name = MainMenu.xib;
			sourceTree = "<group>";
		};
/* End PBXVariantGroup section */

/* Begin XCBuildConfiguration section */
		23961D142294F6A7004CB7E1 /* Debug */ = {
			isa = XCBuildConfiguration;
			buildSettings = {
				CODE_SIGN_STYLE = Automatic;
				DEVELOPMENT_TEAM = 3L6RK3LGGW;
				FRAMEWORK_SEARCH_PATHS = "../csvlib/**";
				HEADER_SEARCH_PATHS = "../csvlib/**";
				LIBRARY_SEARCH_PATHS = /usr/local/Cellar/icu4c/63.1/lib;
				MACOSX_DEPLOYMENT_TARGET = 10.14;
				PRODUCT_NAME = "$(TARGET_NAME)";
				SYSTEM_HEADER_SEARCH_PATHS = (
					/usr/local/Cellar/icu4c/63.1/include,
					csvlib/,
				);
			};
			name = Debug;
		};
		23961D152294F6A7004CB7E1 /* Release */ = {
			isa = XCBuildConfiguration;
			buildSettings = {
				CODE_SIGN_STYLE = Automatic;
				DEVELOPMENT_TEAM = 3L6RK3LGGW;
				FRAMEWORK_SEARCH_PATHS = "../csvlib/**";
				HEADER_SEARCH_PATHS = "../csvlib/**";
				LIBRARY_SEARCH_PATHS = /usr/local/Cellar/icu4c/63.1/lib;
				MACOSX_DEPLOYMENT_TARGET = 10.14;
				PRODUCT_NAME = "$(TARGET_NAME)";
				SYSTEM_HEADER_SEARCH_PATHS = (
					/usr/local/Cellar/icu4c/63.1/include,
					csvlib/,
				);
			};
			name = Release;
		};
		23961D212294F74C004CB7E1 /* Debug */ = {
			isa = XCBuildConfiguration;
			buildSettings = {
				CODE_SIGN_STYLE = Automatic;
				DEVELOPMENT_TEAM = 3L6RK3LGGW;
				EXECUTABLE_PREFIX = lib;
				FRAMEWORK_SEARCH_PATHS = "../csvlib/**";
				HEADER_SEARCH_PATHS = "../csvlib/**";
				LIBRARY_SEARCH_PATHS = /usr/local/Cellar/icu4c/63.1/lib;
				MACOSX_DEPLOYMENT_TARGET = 10.14;
				PRODUCT_NAME = "$(TARGET_NAME)";
				SKIP_INSTALL = YES;
				SYSTEM_HEADER_SEARCH_PATHS = (
					/usr/local/Cellar/icu4c/63.1/include,
					csvlib/,
				);
			};
			name = Debug;
		};
		23961D222294F74C004CB7E1 /* Release */ = {
			isa = XCBuildConfiguration;
			buildSettings = {
				CODE_SIGN_STYLE = Automatic;
				DEVELOPMENT_TEAM = 3L6RK3LGGW;
				EXECUTABLE_PREFIX = lib;
				FRAMEWORK_SEARCH_PATHS = "../csvlib/**";
				HEADER_SEARCH_PATHS = "../csvlib/**";
				LIBRARY_SEARCH_PATHS = /usr/local/Cellar/icu4c/63.1/lib;
				MACOSX_DEPLOYMENT_TARGET = 10.14;
				PRODUCT_NAME = "$(TARGET_NAME)";
				SKIP_INSTALL = YES;
				SYSTEM_HEADER_SEARCH_PATHS = (
					/usr/local/Cellar/icu4c/63.1/include,
					csvlib/,
				);
			};
			name = Release;
		};
		23FA81662172A3B9006AC04E /* Debug */ = {
			isa = XCBuildConfiguration;
			buildSettings = {
				ALWAYS_SEARCH_USER_PATHS = NO;
				CLANG_ANALYZER_NONNULL = YES;
				CLANG_ANALYZER_NUMBER_OBJECT_CONVERSION = YES_AGGRESSIVE;
				CLANG_CXX_LANGUAGE_STANDARD = "c++17";
				CLANG_CXX_LIBRARY = "libc++";
				CLANG_ENABLE_MODULES = YES;
				CLANG_ENABLE_OBJC_ARC = YES;
				CLANG_ENABLE_OBJC_WEAK = YES;
				CLANG_WARN_BLOCK_CAPTURE_AUTORELEASING = YES;
				CLANG_WARN_BOOL_CONVERSION = YES;
				CLANG_WARN_COMMA = YES;
				CLANG_WARN_CONSTANT_CONVERSION = YES;
				CLANG_WARN_DEPRECATED_OBJC_IMPLEMENTATIONS = YES;
				CLANG_WARN_DIRECT_OBJC_ISA_USAGE = YES_ERROR;
				CLANG_WARN_DOCUMENTATION_COMMENTS = YES;
				CLANG_WARN_EMPTY_BODY = YES;
				CLANG_WARN_ENUM_CONVERSION = YES;
				CLANG_WARN_INFINITE_RECURSION = YES;
				CLANG_WARN_INT_CONVERSION = YES;
				CLANG_WARN_NON_LITERAL_NULL_CONVERSION = YES;
				CLANG_WARN_OBJC_IMPLICIT_RETAIN_SELF = YES;
				CLANG_WARN_OBJC_LITERAL_CONVERSION = YES;
				CLANG_WARN_OBJC_ROOT_CLASS = YES_ERROR;
				CLANG_WARN_RANGE_LOOP_ANALYSIS = YES;
				CLANG_WARN_STRICT_PROTOTYPES = YES;
				CLANG_WARN_SUSPICIOUS_MOVE = YES;
				CLANG_WARN_UNGUARDED_AVAILABILITY = YES_AGGRESSIVE;
				CLANG_WARN_UNREACHABLE_CODE = YES;
				CLANG_WARN__DUPLICATE_METHOD_MATCH = YES;
				CODE_SIGN_IDENTITY = "Mac Developer";
				COPY_PHASE_STRIP = NO;
				DEBUG_INFORMATION_FORMAT = dwarf;
				ENABLE_STRICT_OBJC_MSGSEND = YES;
				ENABLE_TESTABILITY = YES;
				GCC_C_LANGUAGE_STANDARD = gnu11;
				GCC_DYNAMIC_NO_PIC = NO;
				GCC_NO_COMMON_BLOCKS = YES;
				GCC_OPTIMIZATION_LEVEL = 0;
				GCC_PREPROCESSOR_DEFINITIONS = (
					ALLOW_ICU_EXTENSIONS,
					"DEBUG=1",
					"$(inherited)",
				);
				GCC_WARN_64_TO_32_BIT_CONVERSION = YES;
				GCC_WARN_ABOUT_RETURN_TYPE = YES_ERROR;
				GCC_WARN_UNDECLARED_SELECTOR = YES;
				GCC_WARN_UNINITIALIZED_AUTOS = YES_AGGRESSIVE;
				GCC_WARN_UNUSED_FUNCTION = YES;
				GCC_WARN_UNUSED_VARIABLE = YES;
				MACOSX_DEPLOYMENT_TARGET = 10.11;
				MTL_ENABLE_DEBUG_INFO = INCLUDE_SOURCE;
				MTL_FAST_MATH = YES;
				ONLY_ACTIVE_ARCH = YES;
				SDKROOT = macosx;
			};
			name = Debug;
		};
		23FA81672172A3B9006AC04E /* Release */ = {
			isa = XCBuildConfiguration;
			buildSettings = {
				ALWAYS_SEARCH_USER_PATHS = NO;
				CLANG_ANALYZER_NONNULL = YES;
				CLANG_ANALYZER_NUMBER_OBJECT_CONVERSION = YES_AGGRESSIVE;
				CLANG_CXX_LANGUAGE_STANDARD = "c++17";
				CLANG_CXX_LIBRARY = "libc++";
				CLANG_ENABLE_MODULES = YES;
				CLANG_ENABLE_OBJC_ARC = YES;
				CLANG_ENABLE_OBJC_WEAK = YES;
				CLANG_WARN_BLOCK_CAPTURE_AUTORELEASING = YES;
				CLANG_WARN_BOOL_CONVERSION = YES;
				CLANG_WARN_COMMA = YES;
				CLANG_WARN_CONSTANT_CONVERSION = YES;
				CLANG_WARN_DEPRECATED_OBJC_IMPLEMENTATIONS = YES;
				CLANG_WARN_DIRECT_OBJC_ISA_USAGE = YES_ERROR;
				CLANG_WARN_DOCUMENTATION_COMMENTS = YES;
				CLANG_WARN_EMPTY_BODY = YES;
				CLANG_WARN_ENUM_CONVERSION = YES;
				CLANG_WARN_INFINITE_RECURSION = YES;
				CLANG_WARN_INT_CONVERSION = YES;
				CLANG_WARN_NON_LITERAL_NULL_CONVERSION = YES;
				CLANG_WARN_OBJC_IMPLICIT_RETAIN_SELF = YES;
				CLANG_WARN_OBJC_LITERAL_CONVERSION = YES;
				CLANG_WARN_OBJC_ROOT_CLASS = YES_ERROR;
				CLANG_WARN_RANGE_LOOP_ANALYSIS = YES;
				CLANG_WARN_STRICT_PROTOTYPES = YES;
				CLANG_WARN_SUSPICIOUS_MOVE = YES;
				CLANG_WARN_UNGUARDED_AVAILABILITY = YES_AGGRESSIVE;
				CLANG_WARN_UNREACHABLE_CODE = YES;
				CLANG_WARN__DUPLICATE_METHOD_MATCH = YES;
				CODE_SIGN_IDENTITY = "Mac Developer";
				COPY_PHASE_STRIP = NO;
				DEBUG_INFORMATION_FORMAT = "dwarf-with-dsym";
				ENABLE_NS_ASSERTIONS = NO;
				ENABLE_STRICT_OBJC_MSGSEND = YES;
				GCC_C_LANGUAGE_STANDARD = gnu11;
				GCC_NO_COMMON_BLOCKS = YES;
				GCC_PREPROCESSOR_DEFINITIONS = ALLOW_ICU_EXTENSIONS;
				GCC_WARN_64_TO_32_BIT_CONVERSION = YES;
				GCC_WARN_ABOUT_RETURN_TYPE = YES_ERROR;
				GCC_WARN_UNDECLARED_SELECTOR = YES;
				GCC_WARN_UNINITIALIZED_AUTOS = YES_AGGRESSIVE;
				GCC_WARN_UNUSED_FUNCTION = YES;
				GCC_WARN_UNUSED_VARIABLE = YES;
				MACOSX_DEPLOYMENT_TARGET = 10.11;
				MTL_ENABLE_DEBUG_INFO = NO;
				MTL_FAST_MATH = YES;
				SDKROOT = macosx;
			};
			name = Release;
		};
		23FA81922172A4E1006AC04E /* Debug */ = {
			isa = XCBuildConfiguration;
			buildSettings = {
				CODE_SIGN_STYLE = Automatic;
				COMBINE_HIDPI_IMAGES = YES;
				DEVELOPMENT_TEAM = 3L6RK3LGGW;
				GCC_PREPROCESSOR_DEFINITIONS = (
					"ALLOW_ICU_EXTENSIONS=1",
					"$(inherited)",
				);
				HEADER_SEARCH_PATHS = "";
				INFOPLIST_FILE = csv_tests/Info.plist;
				LD_RUNPATH_SEARCH_PATHS = (
					"$(inherited)",
					"@executable_path/../Frameworks",
					"@loader_path/../Frameworks",
				);
				LIBRARY_SEARCH_PATHS = /usr/local/opt/icu4c/lib;
				PRODUCT_BUNDLE_IDENTIFIER = "com.darrenford.csv-tests";
				PRODUCT_NAME = "$(TARGET_NAME)";
				SYSTEM_FRAMEWORK_SEARCH_PATHS = "";
				SYSTEM_HEADER_SEARCH_PATHS = (
					/usr/local/opt/icu4c/include,
					csvlib/,
				);
			};
			name = Debug;
		};
		23FA81932172A4E1006AC04E /* Release */ = {
			isa = XCBuildConfiguration;
			buildSettings = {
				CODE_SIGN_STYLE = Automatic;
				COMBINE_HIDPI_IMAGES = YES;
				DEVELOPMENT_TEAM = 3L6RK3LGGW;
				GCC_PREPROCESSOR_DEFINITIONS = "ALLOW_ICU_EXTENSIONS=1";
				HEADER_SEARCH_PATHS = "";
				INFOPLIST_FILE = csv_tests/Info.plist;
				LD_RUNPATH_SEARCH_PATHS = (
					"$(inherited)",
					"@executable_path/../Frameworks",
					"@loader_path/../Frameworks",
				);
				LIBRARY_SEARCH_PATHS = /usr/local/opt/icu4c/lib;
				PRODUCT_BUNDLE_IDENTIFIER = "com.darrenford.csv-tests";
				PRODUCT_NAME = "$(TARGET_NAME)";
				SYSTEM_FRAMEWORK_SEARCH_PATHS = "";
				SYSTEM_HEADER_SEARCH_PATHS = (
					/usr/local/opt/icu4c/include,
					csvlib/,
				);
			};
			name = Release;
		};
		23FA81DA2172A70C006AC04E /* Debug */ = {
			isa = XCBuildConfiguration;
			buildSettings = {
				ASSETCATALOG_COMPILER_APPICON_NAME = AppIcon;
				CODE_SIGN_ENTITLEMENTS = "tools/Tabula Rasa/Tabula_Rasa.entitlements";
				CODE_SIGN_STYLE = Automatic;
				COMBINE_HIDPI_IMAGES = YES;
				DEVELOPMENT_TEAM = 3L6RK3LGGW;
				GCC_PREPROCESSOR_DEFINITIONS = (
					"ALLOW_ICU_EXTENSIONS=1",
					"$(inherited)",
				);
				INFOPLIST_FILE = "tools/Tabula Rasa/Info.plist";
				LD_RUNPATH_SEARCH_PATHS = (
					"$(inherited)",
					"@executable_path/../Frameworks",
				);
				LIBRARY_SEARCH_PATHS = (
					"$(inherited)",
					/usr/local/Cellar/icu4c/63.1/lib,
				);
				MACOSX_DEPLOYMENT_TARGET = 10.13;
				PRODUCT_BUNDLE_IDENTIFIER = "com.darrenford.Tabula-Rasa";
				PRODUCT_NAME = "$(TARGET_NAME)";
				SWIFT_ACTIVE_COMPILATION_CONDITIONS = DEBUG;
				SWIFT_OBJC_BRIDGING_HEADER = "./tools/Tabula Rasa/Tabula-Rasa-Bridging-Header.h";
				SWIFT_OPTIMIZATION_LEVEL = "-Onone";
				SWIFT_VERSION = 4.2;
				SYSTEM_HEADER_SEARCH_PATHS = (
					/usr/local/Cellar/icu4c/63.1/include,
					csvlib/,
				);
			};
			name = Debug;
		};
		23FA81DB2172A70C006AC04E /* Release */ = {
			isa = XCBuildConfiguration;
			buildSettings = {
				ASSETCATALOG_COMPILER_APPICON_NAME = AppIcon;
				CODE_SIGN_ENTITLEMENTS = "tools/Tabula Rasa/Tabula_Rasa.entitlements";
				CODE_SIGN_STYLE = Automatic;
				COMBINE_HIDPI_IMAGES = YES;
				DEVELOPMENT_TEAM = 3L6RK3LGGW;
				GCC_PREPROCESSOR_DEFINITIONS = "ALLOW_ICU_EXTENSIONS=1";
				INFOPLIST_FILE = "tools/Tabula Rasa/Info.plist";
				LD_RUNPATH_SEARCH_PATHS = (
					"$(inherited)",
					"@executable_path/../Frameworks",
				);
				LIBRARY_SEARCH_PATHS = (
					"$(inherited)",
					/usr/local/Cellar/icu4c/63.1/lib,
				);
				MACOSX_DEPLOYMENT_TARGET = 10.13;
				PRODUCT_BUNDLE_IDENTIFIER = "com.darrenford.Tabula-Rasa";
				PRODUCT_NAME = "$(TARGET_NAME)";
				SWIFT_COMPILATION_MODE = wholemodule;
				SWIFT_OBJC_BRIDGING_HEADER = "./tools/Tabula Rasa/Tabula-Rasa-Bridging-Header.h";
				SWIFT_OPTIMIZATION_LEVEL = "-O";
				SWIFT_VERSION = 4.2;
				SYSTEM_HEADER_SEARCH_PATHS = (
					/usr/local/Cellar/icu4c/63.1/include,
					csvlib/,
				);
			};
			name = Release;
		};
/* End XCBuildConfiguration section */

/* Begin XCConfigurationList section */
		23961D162294F6A7004CB7E1 /* Build configuration list for PBXNativeTarget "csv_command_line" */ = {
			isa = XCConfigurationList;
			buildConfigurations = (
				23961D142294F6A7004CB7E1 /* Debug */,
				23961D152294F6A7004CB7E1 /* Release */,
			);
			defaultConfigurationIsVisible = 0;
			defaultConfigurationName = Release;
		};
		23961D202294F74C004CB7E1 /* Build configuration list for PBXNativeTarget "libcsvicu" */ = {
			isa = XCConfigurationList;
			buildConfigurations = (
				23961D212294F74C004CB7E1 /* Debug */,
				23961D222294F74C004CB7E1 /* Release */,
			);
			defaultConfigurationIsVisible = 0;
			defaultConfigurationName = Release;
		};
		23FA815C2172A3B9006AC04E /* Build configuration list for PBXProject "csvlib" */ = {
			isa = XCConfigurationList;
			buildConfigurations = (
				23FA81662172A3B9006AC04E /* Debug */,
				23FA81672172A3B9006AC04E /* Release */,
			);
			defaultConfigurationIsVisible = 0;
			defaultConfigurationName = Release;
		};
		23FA81912172A4E1006AC04E /* Build configuration list for PBXNativeTarget "csv_tests" */ = {
			isa = XCConfigurationList;
			buildConfigurations = (
				23FA81922172A4E1006AC04E /* Debug */,
				23FA81932172A4E1006AC04E /* Release */,
			);
			defaultConfigurationIsVisible = 0;
			defaultConfigurationName = Release;
		};
		23FA81D92172A70C006AC04E /* Build configuration list for PBXNativeTarget "Tabula Rasa" */ = {
			isa = XCConfigurationList;
			buildConfigurations = (
				23FA81DA2172A70C006AC04E /* Debug */,
				23FA81DB2172A70C006AC04E /* Release */,
			);
			defaultConfigurationIsVisible = 0;
			defaultConfigurationName = Release;
		};
/* End XCConfigurationList section */
	};
	rootObject = 23FA81592172A3B9006AC04E /* Project object */;
}
